
Microsoft Visual Studio Solution File, Format Version 12.00
# Visual Studio Version 17
VisualStudioVersion = 17.0.32002.185
MinimumVisualStudioVersion = 10.0.40219.1
Project("{FAE04EC0-301F-11D3-BF4B-00C04F79EFBC}") = "CustomPoolInjector", "CustomPoolInjector\CustomPoolInjector.csproj", "{A9B95BAB-203A-4B21-B735-D8A56283C047}"
EndProject
Global
	GlobalSection(SolutionConfigurationPlatforms) = preSolution
		Debug|Any CPU = Debug|Any CPU
		Release|Any CPU = Release|Any CPU
	EndGlobalSection
	GlobalSection(ProjectConfigurationPlatforms) = postSolution
		{A9B95BAB-203A-4B21-B735-D8A56283C047}.Debug|Any CPU.ActiveCfg = Debug|Any CPU
		{A9B95BAB-203A-4B21-B735-D8A56283C047}.Debug|Any CPU.Build.0 = Debug|Any CPU
		{A9B95BAB-203A-4B21-B735-D8A56283C047}.Release|Any CPU.ActiveCfg = Release|Any CPU
		{A9B95BAB-203A-4B21-B735-D8A56283C047}.Release|Any CPU.Build.0 = Release|Any CPU
	EndGlobalSection
	GlobalSection(SolutionProperties) = preSolution
		HideSolutionNode = FALSE
	EndGlobalSection
	GlobalSection(ExtensibilityGlobals) = postSolution
		SolutionGuid = {8413BA6F-33AC-467D-8037-83EA78E6D0CD}
	EndGlobalSection
EndGlobal
